
Microsoft Visual Studio Solution File, Format Version 12.00
# Visual Studio 15
VisualStudioVersion = 15.0.26403.7
MinimumVisualStudioVersion = 10.0.40219.1
Project("{FAE04EC0-301F-11D3-BF4B-00C04F79EFBC}") = "MakeMyCode", "MakeMyCode\MakeMyCode.csproj", "{D385C77D-9502-4AB0-B9D9-6842DA705FE4}"
EndProject
Project("{FAE04EC0-301F-11D3-BF4B-00C04F79EFBC}") = "BusinessLayer", "BusinessLayer\BusinessLayer.csproj", "{D869C03C-B33C-4797-9FE3-08814F9204A5}"
EndProject
Project("{FAE04EC0-301F-11D3-BF4B-00C04F79EFBC}") = "DataModels", "DataModels\DataModels.csproj", "{21BC6A5E-06EC-432A-BA84-AD10FC6CFAAE}"
EndProject
Global
	GlobalSection(SolutionConfigurationPlatforms) = preSolution
		Debug|Any CPU = Debug|Any CPU
		Release|Any CPU = Release|Any CPU
	EndGlobalSection
	GlobalSection(ProjectConfigurationPlatforms) = postSolution
		{D385C77D-9502-4AB0-B9D9-6842DA705FE4}.Debug|Any CPU.ActiveCfg = Debug|Any CPU
		{D385C77D-9502-4AB0-B9D9-6842DA705FE4}.Debug|Any CPU.Build.0 = Debug|Any CPU
		{D385C77D-9502-4AB0-B9D9-6842DA705FE4}.Release|Any CPU.ActiveCfg = Release|Any CPU
		{D385C77D-9502-4AB0-B9D9-6842DA705FE4}.Release|Any CPU.Build.0 = Release|Any CPU
		{D869C03C-B33C-4797-9FE3-08814F9204A5}.Debug|Any CPU.ActiveCfg = Debug|Any CPU
		{D869C03C-B33C-4797-9FE3-08814F9204A5}.Debug|Any CPU.Build.0 = Debug|Any CPU
		{D869C03C-B33C-4797-9FE3-08814F9204A5}.Release|Any CPU.ActiveCfg = Release|Any CPU
		{D869C03C-B33C-4797-9FE3-08814F9204A5}.Release|Any CPU.Build.0 = Release|Any CPU
		{21BC6A5E-06EC-432A-BA84-AD10FC6CFAAE}.Debug|Any CPU.ActiveCfg = Debug|Any CPU
		{21BC6A5E-06EC-432A-BA84-AD10FC6CFAAE}.Debug|Any CPU.Build.0 = Debug|Any CPU
		{21BC6A5E-06EC-432A-BA84-AD10FC6CFAAE}.Release|Any CPU.ActiveCfg = Release|Any CPU
		{21BC6A5E-06EC-432A-BA84-AD10FC6CFAAE}.Release|Any CPU.Build.0 = Release|Any CPU
	EndGlobalSection
	GlobalSection(SolutionProperties) = preSolution
		HideSolutionNode = FALSE
	EndGlobalSection
EndGlobal
